
Microsoft Visual Studio Solution File, Format Version 12.00
# Visual Studio Version 16
VisualStudioVersion = 16.0.30114.105
MinimumVisualStudioVersion = 10.0.40219.1
Project("{FAE04EC0-301F-11D3-BF4B-00C04F79EFBC}") = "Store", "Store\Store.csproj", "{BCB235FA-3A63-4A31-9963-26093D0D4725}"
EndProject
Project("{FAE04EC0-301F-11D3-BF4B-00C04F79EFBC}") = "Store.Tests", "Store.Tests\Store.Tests.csproj", "{97C540A5-255B-459A-B505-03AE7B74C4F9}"
EndProject
Global
	GlobalSection(SolutionConfigurationPlatforms) = preSolution
		Debug|Any CPU = Debug|Any CPU
		Release|Any CPU = Release|Any CPU
	EndGlobalSection
	GlobalSection(SolutionProperties) = preSolution
		HideSolutionNode = FALSE
	EndGlobalSection
	GlobalSection(ProjectConfigurationPlatforms) = postSolution
		{BCB235FA-3A63-4A31-9963-26093D0D4725}.Debug|Any CPU.ActiveCfg = Debug|Any CPU
		{BCB235FA-3A63-4A31-9963-26093D0D4725}.Debug|Any CPU.Build.0 = Debug|Any CPU
		{BCB235FA-3A63-4A31-9963-26093D0D4725}.Release|Any CPU.ActiveCfg = Release|Any CPU
		{BCB235FA-3A63-4A31-9963-26093D0D4725}.Release|Any CPU.Build.0 = Release|Any CPU
		{97C540A5-255B-459A-B505-03AE7B74C4F9}.Debug|Any CPU.ActiveCfg = Debug|Any CPU
		{97C540A5-255B-459A-B505-03AE7B74C4F9}.Debug|Any CPU.Build.0 = Debug|Any CPU
		{97C540A5-255B-459A-B505-03AE7B74C4F9}.Release|Any CPU.ActiveCfg = Release|Any CPU
		{97C540A5-255B-459A-B505-03AE7B74C4F9}.Release|Any CPU.Build.0 = Release|Any CPU
	EndGlobalSection
EndGlobal
